
Microsoft Visual Studio Solution File, Format Version 12.00
# Visual Studio 2013
VisualStudioVersion = 12.0.31101.0
MinimumVisualStudioVersion = 10.0.40219.1
Project("{FAE04EC0-301F-11D3-BF4B-00C04F79EFBC}") = "xamarin_primes", "xamarin_primes\xamarin_primes\xamarin_primes.csproj", "{8549208E-1793-4CE9-BDCB-EACD80BC294E}"
EndProject
Project("{FAE04EC0-301F-11D3-BF4B-00C04F79EFBC}") = "xamarin_primes.iOS", "xamarin_primes\xamarin_primes.iOS\xamarin_primes.iOS.csproj", "{80C4B679-7EEC-4342-803B-7DB2AFB891B4}"
EndProject
Project("{FAE04EC0-301F-11D3-BF4B-00C04F79EFBC}") = "xamarin_primes.Android", "xamarin_primes\xamarin_primes.Android\xamarin_primes.Android.csproj", "{C64B9A73-4F6E-494F-B08A-5C9E405EF316}"
EndProject
Project("{FAE04EC0-301F-11D3-BF4B-00C04F79EFBC}") = "xamarin_primes.WinPhone", "xamarin_primes\xamarin_primes.WinPhone\xamarin_primes.WinPhone.csproj", "{4B2AACB4-D793-4A6A-B765-88409DF085F7}"
EndProject
Project("{FAE04EC0-301F-11D3-BF4B-00C04F79EFBC}") = "c_primes", "c_primes\c_primes.csproj", "{9E38A474-0F22-44F5-9DDE-71828114649B}"
EndProject
Global
	GlobalSection(SolutionConfigurationPlatforms) = preSolution
		Ad-Hoc|Any CPU = Ad-Hoc|Any CPU
		Ad-Hoc|ARM = Ad-Hoc|ARM
		Ad-Hoc|iPhone = Ad-Hoc|iPhone
		Ad-Hoc|iPhoneSimulator = Ad-Hoc|iPhoneSimulator
		Ad-Hoc|Mixed Platforms = Ad-Hoc|Mixed Platforms
		Ad-Hoc|x86 = Ad-Hoc|x86
		AppStore|Any CPU = AppStore|Any CPU
		AppStore|ARM = AppStore|ARM
		AppStore|iPhone = AppStore|iPhone
		AppStore|iPhoneSimulator = AppStore|iPhoneSimulator
		AppStore|Mixed Platforms = AppStore|Mixed Platforms
		AppStore|x86 = AppStore|x86
		Debug|Any CPU = Debug|Any CPU
		Debug|ARM = Debug|ARM
		Debug|iPhone = Debug|iPhone
		Debug|iPhoneSimulator = Debug|iPhoneSimulator
		Debug|Mixed Platforms = Debug|Mixed Platforms
		Debug|x86 = Debug|x86
		Release|Any CPU = Release|Any CPU
		Release|ARM = Release|ARM
		Release|iPhone = Release|iPhone
		Release|iPhoneSimulator = Release|iPhoneSimulator
		Release|Mixed Platforms = Release|Mixed Platforms
		Release|x86 = Release|x86
	EndGlobalSection
	GlobalSection(ProjectConfigurationPlatforms) = postSolution
		{8549208E-1793-4CE9-BDCB-EACD80BC294E}.Ad-Hoc|Any CPU.ActiveCfg = Release|Any CPU
		{8549208E-1793-4CE9-BDCB-EACD80BC294E}.Ad-Hoc|Any CPU.Build.0 = Release|Any CPU
		{8549208E-1793-4CE9-BDCB-EACD80BC294E}.Ad-Hoc|ARM.ActiveCfg = Release|Any CPU
		{8549208E-1793-4CE9-BDCB-EACD80BC294E}.Ad-Hoc|iPhone.ActiveCfg = Release|Any CPU
		{8549208E-1793-4CE9-BDCB-EACD80BC294E}.Ad-Hoc|iPhoneSimulator.ActiveCfg = Release|Any CPU
		{8549208E-1793-4CE9-BDCB-EACD80BC294E}.Ad-Hoc|Mixed Platforms.ActiveCfg = Release|Any CPU
		{8549208E-1793-4CE9-BDCB-EACD80BC294E}.Ad-Hoc|Mixed Platforms.Build.0 = Release|Any CPU
		{8549208E-1793-4CE9-BDCB-EACD80BC294E}.Ad-Hoc|x86.ActiveCfg = Release|Any CPU
		{8549208E-1793-4CE9-BDCB-EACD80BC294E}.AppStore|Any CPU.ActiveCfg = Release|Any CPU
		{8549208E-1793-4CE9-BDCB-EACD80BC294E}.AppStore|Any CPU.Build.0 = Release|Any CPU
		{8549208E-1793-4CE9-BDCB-EACD80BC294E}.AppStore|ARM.ActiveCfg = Release|Any CPU
		{8549208E-1793-4CE9-BDCB-EACD80BC294E}.AppStore|iPhone.ActiveCfg = Release|Any CPU
		{8549208E-1793-4CE9-BDCB-EACD80BC294E}.AppStore|iPhoneSimulator.ActiveCfg = Release|Any CPU
		{8549208E-1793-4CE9-BDCB-EACD80BC294E}.AppStore|Mixed Platforms.ActiveCfg = Release|Any CPU
		{8549208E-1793-4CE9-BDCB-EACD80BC294E}.AppStore|Mixed Platforms.Build.0 = Release|Any CPU
		{8549208E-1793-4CE9-BDCB-EACD80BC294E}.AppStore|x86.ActiveCfg = Release|Any CPU
		{8549208E-1793-4CE9-BDCB-EACD80BC294E}.Debug|Any CPU.ActiveCfg = Debug|Any CPU
		{8549208E-1793-4CE9-BDCB-EACD80BC294E}.Debug|Any CPU.Build.0 = Debug|Any CPU
		{8549208E-1793-4CE9-BDCB-EACD80BC294E}.Debug|ARM.ActiveCfg = Debug|Any CPU
		{8549208E-1793-4CE9-BDCB-EACD80BC294E}.Debug|iPhone.ActiveCfg = Debug|Any CPU
		{8549208E-1793-4CE9-BDCB-EACD80BC294E}.Debug|iPhoneSimulator.ActiveCfg = Debug|Any CPU
		{8549208E-1793-4CE9-BDCB-EACD80BC294E}.Debug|Mixed Platforms.ActiveCfg = Debug|Any CPU
		{8549208E-1793-4CE9-BDCB-EACD80BC294E}.Debug|Mixed Platforms.Build.0 = Debug|Any CPU
		{8549208E-1793-4CE9-BDCB-EACD80BC294E}.Debug|x86.ActiveCfg = Debug|Any CPU
		{8549208E-1793-4CE9-BDCB-EACD80BC294E}.Release|Any CPU.ActiveCfg = Release|Any CPU
		{8549208E-1793-4CE9-BDCB-EACD80BC294E}.Release|Any CPU.Build.0 = Release|Any CPU
		{8549208E-1793-4CE9-BDCB-EACD80BC294E}.Release|ARM.ActiveCfg = Release|Any CPU
		{8549208E-1793-4CE9-BDCB-EACD80BC294E}.Release|iPhone.ActiveCfg = Release|Any CPU
		{8549208E-1793-4CE9-BDCB-EACD80BC294E}.Release|iPhoneSimulator.ActiveCfg = Release|Any CPU
		{8549208E-1793-4CE9-BDCB-EACD80BC294E}.Release|Mixed Platforms.ActiveCfg = Release|Any CPU
		{8549208E-1793-4CE9-BDCB-EACD80BC294E}.Release|Mixed Platforms.Build.0 = Release|Any CPU
		{8549208E-1793-4CE9-BDCB-EACD80BC294E}.Release|x86.ActiveCfg = Release|Any CPU
		{80C4B679-7EEC-4342-803B-7DB2AFB891B4}.Ad-Hoc|Any CPU.ActiveCfg = Ad-Hoc|iPhone
		{80C4B679-7EEC-4342-803B-7DB2AFB891B4}.Ad-Hoc|ARM.ActiveCfg = Ad-Hoc|iPhone
		{80C4B679-7EEC-4342-803B-7DB2AFB891B4}.Ad-Hoc|iPhone.ActiveCfg = Ad-Hoc|iPhone
		{80C4B679-7EEC-4342-803B-7DB2AFB891B4}.Ad-Hoc|iPhone.Build.0 = Ad-Hoc|iPhone
		{80C4B679-7EEC-4342-803B-7DB2AFB891B4}.Ad-Hoc|iPhoneSimulator.ActiveCfg = Ad-Hoc|iPhoneSimulator
		{80C4B679-7EEC-4342-803B-7DB2AFB891B4}.Ad-Hoc|iPhoneSimulator.Build.0 = Ad-Hoc|iPhoneSimulator
		{80C4B679-7EEC-4342-803B-7DB2AFB891B4}.Ad-Hoc|Mixed Platforms.ActiveCfg = Ad-Hoc|iPhone
		{80C4B679-7EEC-4342-803B-7DB2AFB891B4}.Ad-Hoc|Mixed Platforms.Build.0 = Ad-Hoc|iPhone
		{80C4B679-7EEC-4342-803B-7DB2AFB891B4}.Ad-Hoc|x86.ActiveCfg = Ad-Hoc|iPhone
		{80C4B679-7EEC-4342-803B-7DB2AFB891B4}.AppStore|Any CPU.ActiveCfg = AppStore|iPhone
		{80C4B679-7EEC-4342-803B-7DB2AFB891B4}.AppStore|ARM.ActiveCfg = AppStore|iPhone
		{80C4B679-7EEC-4342-803B-7DB2AFB891B4}.AppStore|iPhone.ActiveCfg = AppStore|iPhone
		{80C4B679-7EEC-4342-803B-7DB2AFB891B4}.AppStore|iPhone.Build.0 = AppStore|iPhone
		{80C4B679-7EEC-4342-803B-7DB2AFB891B4}.AppStore|iPhoneSimulator.ActiveCfg = AppStore|iPhoneSimulator
		{80C4B679-7EEC-4342-803B-7DB2AFB891B4}.AppStore|iPhoneSimulator.Build.0 = AppStore|iPhoneSimulator
		{80C4B679-7EEC-4342-803B-7DB2AFB891B4}.AppStore|Mixed Platforms.ActiveCfg = AppStore|iPhone
		{80C4B679-7EEC-4342-803B-7DB2AFB891B4}.AppStore|Mixed Platforms.Build.0 = AppStore|iPhone
		{80C4B679-7EEC-4342-803B-7DB2AFB891B4}.AppStore|x86.ActiveCfg = AppStore|iPhone
		{80C4B679-7EEC-4342-803B-7DB2AFB891B4}.Debug|Any CPU.ActiveCfg = Debug|iPhone
		{80C4B679-7EEC-4342-803B-7DB2AFB891B4}.Debug|ARM.ActiveCfg = Debug|iPhone
		{80C4B679-7EEC-4342-803B-7DB2AFB891B4}.Debug|iPhone.ActiveCfg = Debug|iPhone
		{80C4B679-7EEC-4342-803B-7DB2AFB891B4}.Debug|iPhone.Build.0 = Debug|iPhone
		{80C4B679-7EEC-4342-803B-7DB2AFB891B4}.Debug|iPhoneSimulator.ActiveCfg = Debug|iPhoneSimulator
		{80C4B679-7EEC-4342-803B-7DB2AFB891B4}.Debug|iPhoneSimulator.Build.0 = Debug|iPhoneSimulator
		{80C4B679-7EEC-4342-803B-7DB2AFB891B4}.Debug|Mixed Platforms.ActiveCfg = Debug|iPhone
		{80C4B679-7EEC-4342-803B-7DB2AFB891B4}.Debug|Mixed Platforms.Build.0 = Debug|iPhone
		{80C4B679-7EEC-4342-803B-7DB2AFB891B4}.Debug|x86.ActiveCfg = Debug|iPhone
		{80C4B679-7EEC-4342-803B-7DB2AFB891B4}.Release|Any CPU.ActiveCfg = Release|iPhone
		{80C4B679-7EEC-4342-803B-7DB2AFB891B4}.Release|ARM.ActiveCfg = Release|iPhone
		{80C4B679-7EEC-4342-803B-7DB2AFB891B4}.Release|iPhone.ActiveCfg = Release|iPhone
		{80C4B679-7EEC-4342-803B-7DB2AFB891B4}.Release|iPhone.Build.0 = Release|iPhone
		{80C4B679-7EEC-4342-803B-7DB2AFB891B4}.Release|iPhoneSimulator.ActiveCfg = Release|iPhoneSimulator
		{80C4B679-7EEC-4342-803B-7DB2AFB891B4}.Release|iPhoneSimulator.Build.0 = Release|iPhoneSimulator
		{80C4B679-7EEC-4342-803B-7DB2AFB891B4}.Release|Mixed Platforms.ActiveCfg = Release|iPhone
		{80C4B679-7EEC-4342-803B-7DB2AFB891B4}.Release|Mixed Platforms.Build.0 = Release|iPhone
		{80C4B679-7EEC-4342-803B-7DB2AFB891B4}.Release|x86.ActiveCfg = Release|iPhone
		{C64B9A73-4F6E-494F-B08A-5C9E405EF316}.Ad-Hoc|Any CPU.ActiveCfg = Release|Any CPU
		{C64B9A73-4F6E-494F-B08A-5C9E405EF316}.Ad-Hoc|Any CPU.Build.0 = Release|Any CPU
		{C64B9A73-4F6E-494F-B08A-5C9E405EF316}.Ad-Hoc|Any CPU.Deploy.0 = Release|Any CPU
		{C64B9A73-4F6E-494F-B08A-5C9E405EF316}.Ad-Hoc|ARM.ActiveCfg = Release|Any CPU
		{C64B9A73-4F6E-494F-B08A-5C9E405EF316}.Ad-Hoc|iPhone.ActiveCfg = Release|Any CPU
		{C64B9A73-4F6E-494F-B08A-5C9E405EF316}.Ad-Hoc|iPhoneSimulator.ActiveCfg = Release|Any CPU
		{C64B9A73-4F6E-494F-B08A-5C9E405EF316}.Ad-Hoc|Mixed Platforms.ActiveCfg = Release|Any CPU
		{C64B9A73-4F6E-494F-B08A-5C9E405EF316}.Ad-Hoc|Mixed Platforms.Build.0 = Release|Any CPU
		{C64B9A73-4F6E-494F-B08A-5C9E405EF316}.Ad-Hoc|Mixed Platforms.Deploy.0 = Release|Any CPU
		{C64B9A73-4F6E-494F-B08A-5C9E405EF316}.Ad-Hoc|x86.ActiveCfg = Release|Any CPU
		{C64B9A73-4F6E-494F-B08A-5C9E405EF316}.AppStore|Any CPU.ActiveCfg = Release|Any CPU
		{C64B9A73-4F6E-494F-B08A-5C9E405EF316}.AppStore|Any CPU.Build.0 = Release|Any CPU
		{C64B9A73-4F6E-494F-B08A-5C9E405EF316}.AppStore|Any CPU.Deploy.0 = Release|Any CPU
		{C64B9A73-4F6E-494F-B08A-5C9E405EF316}.AppStore|ARM.ActiveCfg = Release|Any CPU
		{C64B9A73-4F6E-494F-B08A-5C9E405EF316}.AppStore|iPhone.ActiveCfg = Release|Any CPU
		{C64B9A73-4F6E-494F-B08A-5C9E405EF316}.AppStore|iPhoneSimulator.ActiveCfg = Release|Any CPU
		{C64B9A73-4F6E-494F-B08A-5C9E405EF316}.AppStore|Mixed Platforms.ActiveCfg = Release|Any CPU
		{C64B9A73-4F6E-494F-B08A-5C9E405EF316}.AppStore|Mixed Platforms.Build.0 = Release|Any CPU
		{C64B9A73-4F6E-494F-B08A-5C9E405EF316}.AppStore|Mixed Platforms.Deploy.0 = Release|Any CPU
		{C64B9A73-4F6E-494F-B08A-5C9E405EF316}.AppStore|x86.ActiveCfg = Release|Any CPU
		{C64B9A73-4F6E-494F-B08A-5C9E405EF316}.Debug|Any CPU.ActiveCfg = Debug|Any CPU
		{C64B9A73-4F6E-494F-B08A-5C9E405EF316}.Debug|Any CPU.Build.0 = Debug|Any CPU
		{C64B9A73-4F6E-494F-B08A-5C9E405EF316}.Debug|Any CPU.Deploy.0 = Debug|Any CPU
		{C64B9A73-4F6E-494F-B08A-5C9E405EF316}.Debug|ARM.ActiveCfg = Debug|Any CPU
		{C64B9A73-4F6E-494F-B08A-5C9E405EF316}.Debug|iPhone.ActiveCfg = Debug|Any CPU
		{C64B9A73-4F6E-494F-B08A-5C9E405EF316}.Debug|iPhoneSimulator.ActiveCfg = Debug|Any CPU
		{C64B9A73-4F6E-494F-B08A-5C9E405EF316}.Debug|Mixed Platforms.ActiveCfg = Debug|Any CPU
		{C64B9A73-4F6E-494F-B08A-5C9E405EF316}.Debug|Mixed Platforms.Build.0 = Debug|Any CPU
		{C64B9A73-4F6E-494F-B08A-5C9E405EF316}.Debug|Mixed Platforms.Deploy.0 = Debug|Any CPU
		{C64B9A73-4F6E-494F-B08A-5C9E405EF316}.Debug|x86.ActiveCfg = Debug|Any CPU
		{C64B9A73-4F6E-494F-B08A-5C9E405EF316}.Release|Any CPU.ActiveCfg = Release|Any CPU
		{C64B9A73-4F6E-494F-B08A-5C9E405EF316}.Release|Any CPU.Build.0 = Release|Any CPU
		{C64B9A73-4F6E-494F-B08A-5C9E405EF316}.Release|Any CPU.Deploy.0 = Release|Any CPU
		{C64B9A73-4F6E-494F-B08A-5C9E405EF316}.Release|ARM.ActiveCfg = Release|Any CPU
		{C64B9A73-4F6E-494F-B08A-5C9E405EF316}.Release|iPhone.ActiveCfg = Release|Any CPU
		{C64B9A73-4F6E-494F-B08A-5C9E405EF316}.Release|iPhoneSimulator.ActiveCfg = Release|Any CPU
		{C64B9A73-4F6E-494F-B08A-5C9E405EF316}.Release|Mixed Platforms.ActiveCfg = Release|Any CPU
		{C64B9A73-4F6E-494F-B08A-5C9E405EF316}.Release|Mixed Platforms.Build.0 = Release|Any CPU
		{C64B9A73-4F6E-494F-B08A-5C9E405EF316}.Release|Mixed Platforms.Deploy.0 = Release|Any CPU
		{C64B9A73-4F6E-494F-B08A-5C9E405EF316}.Release|x86.ActiveCfg = Release|Any CPU
		{4B2AACB4-D793-4A6A-B765-88409DF085F7}.Ad-Hoc|Any CPU.ActiveCfg = Release|Any CPU
		{4B2AACB4-D793-4A6A-B765-88409DF085F7}.Ad-Hoc|Any CPU.Build.0 = Release|Any CPU
		{4B2AACB4-D793-4A6A-B765-88409DF085F7}.Ad-Hoc|Any CPU.Deploy.0 = Release|Any CPU
		{4B2AACB4-D793-4A6A-B765-88409DF085F7}.Ad-Hoc|ARM.ActiveCfg = Release|ARM
		{4B2AACB4-D793-4A6A-B765-88409DF085F7}.Ad-Hoc|ARM.Build.0 = Release|ARM
		{4B2AACB4-D793-4A6A-B765-88409DF085F7}.Ad-Hoc|ARM.Deploy.0 = Release|ARM
		{4B2AACB4-D793-4A6A-B765-88409DF085F7}.Ad-Hoc|iPhone.ActiveCfg = Release|Any CPU
		{4B2AACB4-D793-4A6A-B765-88409DF085F7}.Ad-Hoc|iPhoneSimulator.ActiveCfg = Release|Any CPU
		{4B2AACB4-D793-4A6A-B765-88409DF085F7}.Ad-Hoc|Mixed Platforms.ActiveCfg = Release|x86
		{4B2AACB4-D793-4A6A-B765-88409DF085F7}.Ad-Hoc|Mixed Platforms.Build.0 = Release|x86
		{4B2AACB4-D793-4A6A-B765-88409DF085F7}.Ad-Hoc|Mixed Platforms.Deploy.0 = Release|x86
		{4B2AACB4-D793-4A6A-B765-88409DF085F7}.Ad-Hoc|x86.ActiveCfg = Release|x86
		{4B2AACB4-D793-4A6A-B765-88409DF085F7}.Ad-Hoc|x86.Build.0 = Release|x86
		{4B2AACB4-D793-4A6A-B765-88409DF085F7}.Ad-Hoc|x86.Deploy.0 = Release|x86
		{4B2AACB4-D793-4A6A-B765-88409DF085F7}.AppStore|Any CPU.ActiveCfg = Release|Any CPU
		{4B2AACB4-D793-4A6A-B765-88409DF085F7}.AppStore|Any CPU.Build.0 = Release|Any CPU
		{4B2AACB4-D793-4A6A-B765-88409DF085F7}.AppStore|Any CPU.Deploy.0 = Release|Any CPU
		{4B2AACB4-D793-4A6A-B765-88409DF085F7}.AppStore|ARM.ActiveCfg = Release|ARM
		{4B2AACB4-D793-4A6A-B765-88409DF085F7}.AppStore|ARM.Build.0 = Release|ARM
		{4B2AACB4-D793-4A6A-B765-88409DF085F7}.AppStore|ARM.Deploy.0 = Release|ARM
		{4B2AACB4-D793-4A6A-B765-88409DF085F7}.AppStore|iPhone.ActiveCfg = Release|Any CPU
		{4B2AACB4-D793-4A6A-B765-88409DF085F7}.AppStore|iPhoneSimulator.ActiveCfg = Release|Any CPU
		{4B2AACB4-D793-4A6A-B765-88409DF085F7}.AppStore|Mixed Platforms.ActiveCfg = Release|x86
		{4B2AACB4-D793-4A6A-B765-88409DF085F7}.AppStore|Mixed Platforms.Build.0 = Release|x86
		{4B2AACB4-D793-4A6A-B765-88409DF085F7}.AppStore|Mixed Platforms.Deploy.0 = Release|x86
		{4B2AACB4-D793-4A6A-B765-88409DF085F7}.AppStore|x86.ActiveCfg = Release|x86
		{4B2AACB4-D793-4A6A-B765-88409DF085F7}.AppStore|x86.Build.0 = Release|x86
		{4B2AACB4-D793-4A6A-B765-88409DF085F7}.AppStore|x86.Deploy.0 = Release|x86
		{4B2AACB4-D793-4A6A-B765-88409DF085F7}.Debug|Any CPU.ActiveCfg = Debug|Any CPU
		{4B2AACB4-D793-4A6A-B765-88409DF085F7}.Debug|Any CPU.Build.0 = Debug|Any CPU
		{4B2AACB4-D793-4A6A-B765-88409DF085F7}.Debug|Any CPU.Deploy.0 = Debug|Any CPU
		{4B2AACB4-D793-4A6A-B765-88409DF085F7}.Debug|ARM.ActiveCfg = Debug|ARM
		{4B2AACB4-D793-4A6A-B765-88409DF085F7}.Debug|ARM.Build.0 = Debug|ARM
		{4B2AACB4-D793-4A6A-B765-88409DF085F7}.Debug|ARM.Deploy.0 = Debug|ARM
		{4B2AACB4-D793-4A6A-B765-88409DF085F7}.Debug|iPhone.ActiveCfg = Debug|Any CPU
		{4B2AACB4-D793-4A6A-B765-88409DF085F7}.Debug|iPhoneSimulator.ActiveCfg = Debug|Any CPU
		{4B2AACB4-D793-4A6A-B765-88409DF085F7}.Debug|Mixed Platforms.ActiveCfg = Debug|x86
		{4B2AACB4-D793-4A6A-B765-88409DF085F7}.Debug|Mixed Platforms.Build.0 = Debug|x86
		{4B2AACB4-D793-4A6A-B765-88409DF085F7}.Debug|Mixed Platforms.Deploy.0 = Debug|x86
		{4B2AACB4-D793-4A6A-B765-88409DF085F7}.Debug|x86.ActiveCfg = Debug|x86
		{4B2AACB4-D793-4A6A-B765-88409DF085F7}.Debug|x86.Build.0 = Debug|x86
		{4B2AACB4-D793-4A6A-B765-88409DF085F7}.Debug|x86.Deploy.0 = Debug|x86
		{4B2AACB4-D793-4A6A-B765-88409DF085F7}.Release|Any CPU.ActiveCfg = Release|Any CPU
		{4B2AACB4-D793-4A6A-B765-88409DF085F7}.Release|Any CPU.Build.0 = Release|Any CPU
		{4B2AACB4-D793-4A6A-B765-88409DF085F7}.Release|Any CPU.Deploy.0 = Release|Any CPU
		{4B2AACB4-D793-4A6A-B765-88409DF085F7}.Release|ARM.ActiveCfg = Release|ARM
		{4B2AACB4-D793-4A6A-B765-88409DF085F7}.Release|ARM.Build.0 = Release|ARM
		{4B2AACB4-D793-4A6A-B765-88409DF085F7}.Release|ARM.Deploy.0 = Release|ARM
		{4B2AACB4-D793-4A6A-B765-88409DF085F7}.Release|iPhone.ActiveCfg = Release|Any CPU
		{4B2AACB4-D793-4A6A-B765-88409DF085F7}.Release|iPhoneSimulator.ActiveCfg = Release|Any CPU
		{4B2AACB4-D793-4A6A-B765-88409DF085F7}.Release|Mixed Platforms.ActiveCfg = Release|x86
		{4B2AACB4-D793-4A6A-B765-88409DF085F7}.Release|Mixed Platforms.Build.0 = Release|x86
		{4B2AACB4-D793-4A6A-B765-88409DF085F7}.Release|Mixed Platforms.Deploy.0 = Release|x86
		{4B2AACB4-D793-4A6A-B765-88409DF085F7}.Release|x86.ActiveCfg = Release|x86
		{4B2AACB4-D793-4A6A-B765-88409DF085F7}.Release|x86.Build.0 = Release|x86
		{4B2AACB4-D793-4A6A-B765-88409DF085F7}.Release|x86.Deploy.0 = Release|x86
		{9E38A474-0F22-44F5-9DDE-71828114649B}.Ad-Hoc|Any CPU.ActiveCfg = Release|Any CPU
		{9E38A474-0F22-44F5-9DDE-71828114649B}.Ad-Hoc|Any CPU.Build.0 = Release|Any CPU
		{9E38A474-0F22-44F5-9DDE-71828114649B}.Ad-Hoc|ARM.ActiveCfg = Release|Any CPU
		{9E38A474-0F22-44F5-9DDE-71828114649B}.Ad-Hoc|iPhone.ActiveCfg = Release|Any CPU
		{9E38A474-0F22-44F5-9DDE-71828114649B}.Ad-Hoc|iPhoneSimulator.ActiveCfg = Release|Any CPU
		{9E38A474-0F22-44F5-9DDE-71828114649B}.Ad-Hoc|Mixed Platforms.ActiveCfg = Release|Any CPU
		{9E38A474-0F22-44F5-9DDE-71828114649B}.Ad-Hoc|Mixed Platforms.Build.0 = Release|Any CPU
		{9E38A474-0F22-44F5-9DDE-71828114649B}.Ad-Hoc|x86.ActiveCfg = Release|Any CPU
		{9E38A474-0F22-44F5-9DDE-71828114649B}.AppStore|Any CPU.ActiveCfg = Release|Any CPU
		{9E38A474-0F22-44F5-9DDE-71828114649B}.AppStore|Any CPU.Build.0 = Release|Any CPU
		{9E38A474-0F22-44F5-9DDE-71828114649B}.AppStore|ARM.ActiveCfg = Release|Any CPU
		{9E38A474-0F22-44F5-9DDE-71828114649B}.AppStore|iPhone.ActiveCfg = Release|Any CPU
		{9E38A474-0F22-44F5-9DDE-71828114649B}.AppStore|iPhoneSimulator.ActiveCfg = Release|Any CPU
		{9E38A474-0F22-44F5-9DDE-71828114649B}.AppStore|Mixed Platforms.ActiveCfg = Release|Any CPU
		{9E38A474-0F22-44F5-9DDE-71828114649B}.AppStore|Mixed Platforms.Build.0 = Release|Any CPU
		{9E38A474-0F22-44F5-9DDE-71828114649B}.AppStore|x86.ActiveCfg = Release|Any CPU
		{9E38A474-0F22-44F5-9DDE-71828114649B}.Debug|Any CPU.ActiveCfg = Debug|Any CPU
		{9E38A474-0F22-44F5-9DDE-71828114649B}.Debug|Any CPU.Build.0 = Debug|Any CPU
		{9E38A474-0F22-44F5-9DDE-71828114649B}.Debug|ARM.ActiveCfg = Debug|Any CPU
		{9E38A474-0F22-44F5-9DDE-71828114649B}.Debug|iPhone.ActiveCfg = Debug|Any CPU
		{9E38A474-0F22-44F5-9DDE-71828114649B}.Debug|iPhoneSimulator.ActiveCfg = Debug|Any CPU
		{9E38A474-0F22-44F5-9DDE-71828114649B}.Debug|Mixed Platforms.ActiveCfg = Debug|Any CPU
		{9E38A474-0F22-44F5-9DDE-71828114649B}.Debug|Mixed Platforms.Build.0 = Debug|Any CPU
		{9E38A474-0F22-44F5-9DDE-71828114649B}.Debug|x86.ActiveCfg = Debug|Any CPU
		{9E38A474-0F22-44F5-9DDE-71828114649B}.Release|Any CPU.ActiveCfg = Release|Any CPU
		{9E38A474-0F22-44F5-9DDE-71828114649B}.Release|Any CPU.Build.0 = Release|Any CPU
		{9E38A474-0F22-44F5-9DDE-71828114649B}.Release|ARM.ActiveCfg = Release|Any CPU
		{9E38A474-0F22-44F5-9DDE-71828114649B}.Release|iPhone.ActiveCfg = Release|Any CPU
		{9E38A474-0F22-44F5-9DDE-71828114649B}.Release|iPhoneSimulator.ActiveCfg = Release|Any CPU
		{9E38A474-0F22-44F5-9DDE-71828114649B}.Release|Mixed Platforms.ActiveCfg = Release|Any CPU
		{9E38A474-0F22-44F5-9DDE-71828114649B}.Release|Mixed Platforms.Build.0 = Release|Any CPU
		{9E38A474-0F22-44F5-9DDE-71828114649B}.Release|x86.ActiveCfg = Release|Any CPU
	EndGlobalSection
	GlobalSection(SolutionProperties) = preSolution
		HideSolutionNode = FALSE
	EndGlobalSection
EndGlobal
